
Microsoft Visual Studio Solution File, Format Version 12.00
# Visual Studio Version 16
VisualStudioVersion = 16.0.32802.440
MinimumVisualStudioVersion = 10.0.40219.1
Project("{9A19103F-16F7-4668-BE54-9A1E7A4F7556}") = "Ejercicio2_01", "Ejercicio2_01\Ejercicio2_01.csproj", "{93531945-269B-436F-BED3-D45E7A7A0E69}"
EndProject
Project("{9A19103F-16F7-4668-BE54-9A1E7A4F7556}") = "Ejercicio2_02", "Ejercicio2_02\Ejercicio2_02.csproj", "{D2499B3B-25EA-41D0-9740-A23034240DFE}"
EndProject
Project("{9A19103F-16F7-4668-BE54-9A1E7A4F7556}") = "Ejercicio2_03", "Ejercicio2_03\Ejercicio2_03.csproj", "{58B84F02-F488-4AF5-92D7-0E1C859AE926}"
EndProject
Project("{9A19103F-16F7-4668-BE54-9A1E7A4F7556}") = "Ejercicio2_04", "Ejercicio2_04\Ejercicio2_04.csproj", "{A7AB8B45-7771-47B6-87BD-C8F28406A938}"
EndProject
Project("{9A19103F-16F7-4668-BE54-9A1E7A4F7556}") = "Ejercicio2_05", "Ejercicio2_05\Ejercicio2_05.csproj", "{E103059E-1A26-4605-8B57-EFD12CFE727F}"
EndProject
Project("{9A19103F-16F7-4668-BE54-9A1E7A4F7556}") = "Ejercicio2_06", "Ejercicio2_06\Ejercicio2_06.csproj", "{5D1765D5-BC14-4CA5-949B-4FBADC3DD4FC}"
EndProject
Project("{9A19103F-16F7-4668-BE54-9A1E7A4F7556}") = "Ejercicio2_07", "Ejercicio2_07\Ejercicio2_07.csproj", "{81C53967-A124-45CB-BCC6-B36F3C9F2A02}"
EndProject
Project("{9A19103F-16F7-4668-BE54-9A1E7A4F7556}") = "Ejercicio2_08", "Ejercicio2_08\Ejercicio2_08.csproj", "{5ED3ABB7-8265-48BF-B26A-72D953523126}"
EndProject
Project("{9A19103F-16F7-4668-BE54-9A1E7A4F7556}") = "Ejercicio2_09", "Ejercicio2_09\Ejercicio2_09.csproj", "{F15EDF7F-8746-4A20-A80B-FDC63A82BB26}"
EndProject
Project("{9A19103F-16F7-4668-BE54-9A1E7A4F7556}") = "Ejercicio1_01", "Ejercicio1_01\Ejercicio1_01.csproj", "{DCD6DAA9-6D97-45DD-BA66-132479AFAABF}"
EndProject
Project("{9A19103F-16F7-4668-BE54-9A1E7A4F7556}") = "Ejercicio1_02", "Ejercicio1_02\Ejercicio1_02.csproj", "{E84C19CF-F981-4A9D-8EF1-D7CB010CA568}"
EndProject
Project("{9A19103F-16F7-4668-BE54-9A1E7A4F7556}") = "Ejercicio1_03", "Ejercicio1_03\Ejercicio1_03.csproj", "{57053B97-F7F3-495D-8BFA-81D4C30B3775}"
EndProject
Project("{9A19103F-16F7-4668-BE54-9A1E7A4F7556}") = "Ejercicio1_05", "Ejercicio1_05\Ejercicio1_05.csproj", "{681BFA1B-8903-4004-96C6-A75A9C424C5E}"
EndProject
Project("{9A19103F-16F7-4668-BE54-9A1E7A4F7556}") = "Ejercicio1_04", "Ejercicio1_04\Ejercicio1_04.csproj", "{097CFABD-698E-473C-93A0-611F8F483143}"
EndProject
Project("{9A19103F-16F7-4668-BE54-9A1E7A4F7556}") = "Ejercicio1_06", "Ejercicio1_06\Ejercicio1_06.csproj", "{E366BC8A-42EE-42DF-94A8-8CAA65D178AD}"
EndProject
Project("{9A19103F-16F7-4668-BE54-9A1E7A4F7556}") = "Ejercicio1_07", "Ejercicio1_07\Ejercicio1_07.csproj", "{56E6E8C0-521E-4729-BEE1-B9F8E789A798}"
EndProject
Project("{9A19103F-16F7-4668-BE54-9A1E7A4F7556}") = "Ejercicio1_08", "Ejercicio1_08\Ejercicio1_08.csproj", "{6D797A42-0974-48AB-B538-582E26855C87}"
EndProject
Project("{9A19103F-16F7-4668-BE54-9A1E7A4F7556}") = "Ejercicio1_09", "Ejercicio1_09\Ejercicio1_09.csproj", "{D41454F7-AF4F-4179-A920-D0E2D36EC2B5}"
EndProject
Project("{9A19103F-16F7-4668-BE54-9A1E7A4F7556}") = "Ejercicio2_en clase", "Ejercicio2_en_clase\Ejercicio2_en clase.csproj", "{4CEC90BD-1482-4973-A18B-2CA7C84882AC}"
EndProject
Global
	GlobalSection(SolutionConfigurationPlatforms) = preSolution
		Debug|Any CPU = Debug|Any CPU
		Release|Any CPU = Release|Any CPU
	EndGlobalSection
	GlobalSection(ProjectConfigurationPlatforms) = postSolution
		{93531945-269B-436F-BED3-D45E7A7A0E69}.Debug|Any CPU.ActiveCfg = Debug|Any CPU
		{93531945-269B-436F-BED3-D45E7A7A0E69}.Debug|Any CPU.Build.0 = Debug|Any CPU
		{93531945-269B-436F-BED3-D45E7A7A0E69}.Release|Any CPU.ActiveCfg = Release|Any CPU
		{93531945-269B-436F-BED3-D45E7A7A0E69}.Release|Any CPU.Build.0 = Release|Any CPU
		{D2499B3B-25EA-41D0-9740-A23034240DFE}.Debug|Any CPU.ActiveCfg = Debug|Any CPU
		{D2499B3B-25EA-41D0-9740-A23034240DFE}.Debug|Any CPU.Build.0 = Debug|Any CPU
		{D2499B3B-25EA-41D0-9740-A23034240DFE}.Release|Any CPU.ActiveCfg = Release|Any CPU
		{D2499B3B-25EA-41D0-9740-A23034240DFE}.Release|Any CPU.Build.0 = Release|Any CPU
		{58B84F02-F488-4AF5-92D7-0E1C859AE926}.Debug|Any CPU.ActiveCfg = Debug|Any CPU
		{58B84F02-F488-4AF5-92D7-0E1C859AE926}.Debug|Any CPU.Build.0 = Debug|Any CPU
		{58B84F02-F488-4AF5-92D7-0E1C859AE926}.Release|Any CPU.ActiveCfg = Release|Any CPU
		{58B84F02-F488-4AF5-92D7-0E1C859AE926}.Release|Any CPU.Build.0 = Release|Any CPU
		{A7AB8B45-7771-47B6-87BD-C8F28406A938}.Debug|Any CPU.ActiveCfg = Debug|Any CPU
		{A7AB8B45-7771-47B6-87BD-C8F28406A938}.Debug|Any CPU.Build.0 = Debug|Any CPU
		{A7AB8B45-7771-47B6-87BD-C8F28406A938}.Release|Any CPU.ActiveCfg = Release|Any CPU
		{A7AB8B45-7771-47B6-87BD-C8F28406A938}.Release|Any CPU.Build.0 = Release|Any CPU
		{E103059E-1A26-4605-8B57-EFD12CFE727F}.Debug|Any CPU.ActiveCfg = Debug|Any CPU
		{E103059E-1A26-4605-8B57-EFD12CFE727F}.Debug|Any CPU.Build.0 = Debug|Any CPU
		{E103059E-1A26-4605-8B57-EFD12CFE727F}.Release|Any CPU.ActiveCfg = Release|Any CPU
		{E103059E-1A26-4605-8B57-EFD12CFE727F}.Release|Any CPU.Build.0 = Release|Any CPU
		{5D1765D5-BC14-4CA5-949B-4FBADC3DD4FC}.Debug|Any CPU.ActiveCfg = Debug|Any CPU
		{5D1765D5-BC14-4CA5-949B-4FBADC3DD4FC}.Debug|Any CPU.Build.0 = Debug|Any CPU
		{5D1765D5-BC14-4CA5-949B-4FBADC3DD4FC}.Release|Any CPU.ActiveCfg = Release|Any CPU
		{5D1765D5-BC14-4CA5-949B-4FBADC3DD4FC}.Release|Any CPU.Build.0 = Release|Any CPU
		{81C53967-A124-45CB-BCC6-B36F3C9F2A02}.Debug|Any CPU.ActiveCfg = Debug|Any CPU
		{81C53967-A124-45CB-BCC6-B36F3C9F2A02}.Debug|Any CPU.Build.0 = Debug|Any CPU
		{81C53967-A124-45CB-BCC6-B36F3C9F2A02}.Release|Any CPU.ActiveCfg = Release|Any CPU
		{81C53967-A124-45CB-BCC6-B36F3C9F2A02}.Release|Any CPU.Build.0 = Release|Any CPU
		{5ED3ABB7-8265-48BF-B26A-72D953523126}.Debug|Any CPU.ActiveCfg = Debug|Any CPU
		{5ED3ABB7-8265-48BF-B26A-72D953523126}.Debug|Any CPU.Build.0 = Debug|Any CPU
		{5ED3ABB7-8265-48BF-B26A-72D953523126}.Release|Any CPU.ActiveCfg = Release|Any CPU
		{5ED3ABB7-8265-48BF-B26A-72D953523126}.Release|Any CPU.Build.0 = Release|Any CPU
		{F15EDF7F-8746-4A20-A80B-FDC63A82BB26}.Debug|Any CPU.ActiveCfg = Debug|Any CPU
		{F15EDF7F-8746-4A20-A80B-FDC63A82BB26}.Debug|Any CPU.Build.0 = Debug|Any CPU
		{F15EDF7F-8746-4A20-A80B-FDC63A82BB26}.Release|Any CPU.ActiveCfg = Release|Any CPU
		{F15EDF7F-8746-4A20-A80B-FDC63A82BB26}.Release|Any CPU.Build.0 = Release|Any CPU
		{DCD6DAA9-6D97-45DD-BA66-132479AFAABF}.Debug|Any CPU.ActiveCfg = Debug|Any CPU
		{DCD6DAA9-6D97-45DD-BA66-132479AFAABF}.Debug|Any CPU.Build.0 = Debug|Any CPU
		{DCD6DAA9-6D97-45DD-BA66-132479AFAABF}.Release|Any CPU.ActiveCfg = Release|Any CPU
		{DCD6DAA9-6D97-45DD-BA66-132479AFAABF}.Release|Any CPU.Build.0 = Release|Any CPU
		{E84C19CF-F981-4A9D-8EF1-D7CB010CA568}.Debug|Any CPU.ActiveCfg = Debug|Any CPU
		{E84C19CF-F981-4A9D-8EF1-D7CB010CA568}.Debug|Any CPU.Build.0 = Debug|Any CPU
		{E84C19CF-F981-4A9D-8EF1-D7CB010CA568}.Release|Any CPU.ActiveCfg = Release|Any CPU
		{E84C19CF-F981-4A9D-8EF1-D7CB010CA568}.Release|Any CPU.Build.0 = Release|Any CPU
		{57053B97-F7F3-495D-8BFA-81D4C30B3775}.Debug|Any CPU.ActiveCfg = Debug|Any CPU
		{57053B97-F7F3-495D-8BFA-81D4C30B3775}.Debug|Any CPU.Build.0 = Debug|Any CPU
		{57053B97-F7F3-495D-8BFA-81D4C30B3775}.Release|Any CPU.ActiveCfg = Release|Any CPU
		{57053B97-F7F3-495D-8BFA-81D4C30B3775}.Release|Any CPU.Build.0 = Release|Any CPU
		{681BFA1B-8903-4004-96C6-A75A9C424C5E}.Debug|Any CPU.ActiveCfg = Debug|Any CPU
		{681BFA1B-8903-4004-96C6-A75A9C424C5E}.Debug|Any CPU.Build.0 = Debug|Any CPU
		{681BFA1B-8903-4004-96C6-A75A9C424C5E}.Release|Any CPU.ActiveCfg = Release|Any CPU
		{681BFA1B-8903-4004-96C6-A75A9C424C5E}.Release|Any CPU.Build.0 = Release|Any CPU
		{097CFABD-698E-473C-93A0-611F8F483143}.Debug|Any CPU.ActiveCfg = Debug|Any CPU
		{097CFABD-698E-473C-93A0-611F8F483143}.Debug|Any CPU.Build.0 = Debug|Any CPU
		{097CFABD-698E-473C-93A0-611F8F483143}.Release|Any CPU.ActiveCfg = Release|Any CPU
		{097CFABD-698E-473C-93A0-611F8F483143}.Release|Any CPU.Build.0 = Release|Any CPU
		{E366BC8A-42EE-42DF-94A8-8CAA65D178AD}.Debug|Any CPU.ActiveCfg = Debug|Any CPU
		{E366BC8A-42EE-42DF-94A8-8CAA65D178AD}.Debug|Any CPU.Build.0 = Debug|Any CPU
		{E366BC8A-42EE-42DF-94A8-8CAA65D178AD}.Release|Any CPU.ActiveCfg = Release|Any CPU
		{E366BC8A-42EE-42DF-94A8-8CAA65D178AD}.Release|Any CPU.Build.0 = Release|Any CPU
		{56E6E8C0-521E-4729-BEE1-B9F8E789A798}.Debug|Any CPU.ActiveCfg = Debug|Any CPU
		{56E6E8C0-521E-4729-BEE1-B9F8E789A798}.Debug|Any CPU.Build.0 = Debug|Any CPU
		{56E6E8C0-521E-4729-BEE1-B9F8E789A798}.Release|Any CPU.ActiveCfg = Release|Any CPU
		{56E6E8C0-521E-4729-BEE1-B9F8E789A798}.Release|Any CPU.Build.0 = Release|Any CPU
		{6D797A42-0974-48AB-B538-582E26855C87}.Debug|Any CPU.ActiveCfg = Debug|Any CPU
		{6D797A42-0974-48AB-B538-582E26855C87}.Debug|Any CPU.Build.0 = Debug|Any CPU
		{6D797A42-0974-48AB-B538-582E26855C87}.Release|Any CPU.ActiveCfg = Release|Any CPU
		{6D797A42-0974-48AB-B538-582E26855C87}.Release|Any CPU.Build.0 = Release|Any CPU
		{D41454F7-AF4F-4179-A920-D0E2D36EC2B5}.Debug|Any CPU.ActiveCfg = Debug|Any CPU
		{D41454F7-AF4F-4179-A920-D0E2D36EC2B5}.Debug|Any CPU.Build.0 = Debug|Any CPU
		{D41454F7-AF4F-4179-A920-D0E2D36EC2B5}.Release|Any CPU.ActiveCfg = Release|Any CPU
		{D41454F7-AF4F-4179-A920-D0E2D36EC2B5}.Release|Any CPU.Build.0 = Release|Any CPU
		{4CEC90BD-1482-4973-A18B-2CA7C84882AC}.Debug|Any CPU.ActiveCfg = Debug|Any CPU
		{4CEC90BD-1482-4973-A18B-2CA7C84882AC}.Debug|Any CPU.Build.0 = Debug|Any CPU
		{4CEC90BD-1482-4973-A18B-2CA7C84882AC}.Release|Any CPU.ActiveCfg = Release|Any CPU
		{4CEC90BD-1482-4973-A18B-2CA7C84882AC}.Release|Any CPU.Build.0 = Release|Any CPU
	EndGlobalSection
	GlobalSection(SolutionProperties) = preSolution
		HideSolutionNode = FALSE
	EndGlobalSection
	GlobalSection(ExtensibilityGlobals) = postSolution
		SolutionGuid = {1052567B-D9F6-4E4E-89DA-104BCAF6828D}
	EndGlobalSection
EndGlobal
