
Microsoft Visual Studio Solution File, Format Version 12.00
# Visual Studio Version 16
VisualStudioVersion = 16.0.32802.440
MinimumVisualStudioVersion = 10.0.40219.1
Project("{2150E333-8FDC-42A3-9474-1A3956D46DE8}") = "Clase01 Introducción .Net y CS", "Clase01 Introducción .Net y CS", "{2C62336E-5F66-4365-AF32-28AC03B15FDA}"
EndProject
Project("{2150E333-8FDC-42A3-9474-1A3956D46DE8}") = "Clase02 Clases y Métodos estáticos", "Clase02 Clases y Métodos estáticos", "{421A0B4C-4526-49E5-93EE-11B08EB51235}"
EndProject
Project("{2150E333-8FDC-42A3-9474-1A3956D46DE8}") = "Clase03 POO", "Clase03 POO", "{53D86125-7F85-4B32-BC29-6477018ED0F9}"
EndProject
Project("{2150E333-8FDC-42A3-9474-1A3956D46DE8}") = "Clase04 Sobrecargas", "Clase04 Sobrecargas", "{9E1D91BC-25A1-4862-BFD8-F2944F26B020}"
EndProject
Project("{9A19103F-16F7-4668-BE54-9A1E7A4F7556}") = "Ejercicio03_01", "Ejercicio03_01\Ejercicio03_01.csproj", "{85D62D92-0DF3-4D67-A3D4-0EE7E743D9A7}"
EndProject
Project("{9A19103F-16F7-4668-BE54-9A1E7A4F7556}") = "MiBiblioteca", "MiBiblioteca\MiBiblioteca.csproj", "{9908178A-192E-4578-94C4-8A4E9EC17791}"
EndProject
Project("{9A19103F-16F7-4668-BE54-9A1E7A4F7556}") = "Ejercicio02_01", "Ejercicio02_01\Ejercicio02_01.csproj", "{187371FE-8FE7-4850-90D1-0836F29DFEC6}"
EndProject
Project("{9A19103F-16F7-4668-BE54-9A1E7A4F7556}") = "Ejercicio01_01", "Ejercicio01_01\Ejercicio01_01.csproj", "{09383DC7-A7F7-4A08-99BA-D65FACDE9887}"
EndProject
Project("{9A19103F-16F7-4668-BE54-9A1E7A4F7556}") = "Ejercicio01_02", "Ejercicio01_02\Ejercicio01_02.csproj", "{D51CE894-4379-49AC-AB0E-A507E99FE08F}"
EndProject
Project("{9A19103F-16F7-4668-BE54-9A1E7A4F7556}") = "Ejercicio01_03", "Ejercicio01_03\Ejercicio01_03.csproj", "{F4340DF9-9026-4961-AA31-35AE57EA9F69}"
EndProject
Project("{9A19103F-16F7-4668-BE54-9A1E7A4F7556}") = "Ejercicio01_04", "Ejercicio01_04\Ejercicio01_04.csproj", "{72D9B74F-2FF2-4876-B1A2-1A97A2DE2739}"
EndProject
Project("{9A19103F-16F7-4668-BE54-9A1E7A4F7556}") = "Ejercicio01_05", "Ejercicio01_05\Ejercicio01_05.csproj", "{90C72029-E7BC-4CAC-B930-FEEABEBB3FEC}"
EndProject
Project("{9A19103F-16F7-4668-BE54-9A1E7A4F7556}") = "Ejercicio01_06", "Ejercicio01_06\Ejercicio01_06.csproj", "{FA7DD9CE-A847-47BE-9D52-40AAD591769A}"
EndProject
Project("{9A19103F-16F7-4668-BE54-9A1E7A4F7556}") = "Ejercicio01_07", "Ejercicio01_07\Ejercicio01_07.csproj", "{78EA344F-BFD6-42E8-8ACA-75D7A70B1DA2}"
EndProject
Project("{9A19103F-16F7-4668-BE54-9A1E7A4F7556}") = "Ejercicio01_08", "Ejercicio01_08\Ejercicio01_08.csproj", "{6FB55C8B-F525-4F92-9F39-642CE8C486A0}"
EndProject
Project("{9A19103F-16F7-4668-BE54-9A1E7A4F7556}") = "Ejercicio01_09", "Ejercicio01_09\Ejercicio01_09.csproj", "{4208B78F-11BB-4247-874D-1994938272F6}"
EndProject
Project("{9A19103F-16F7-4668-BE54-9A1E7A4F7556}") = "Ejercicio02_02", "Ejercicio02_02\Ejercicio02_02.csproj", "{FE32E398-7FDF-4D78-A55F-71DA3CA5971D}"
EndProject
Project("{9A19103F-16F7-4668-BE54-9A1E7A4F7556}") = "Ejercicio02_03", "Ejercicio02_03\Ejercicio02_03.csproj", "{E7B3EB1A-7992-4D64-A8ED-570AA540B3EF}"
EndProject
Project("{9A19103F-16F7-4668-BE54-9A1E7A4F7556}") = "Ejercicio02_04", "Ejercicio02_04\Ejercicio02_04.csproj", "{D061171D-5CB9-4A61-89D1-8FF69737DF60}"
EndProject
Project("{9A19103F-16F7-4668-BE54-9A1E7A4F7556}") = "Ejercicio02_05", "Ejercicio02_05\Ejercicio02_05.csproj", "{5A90FCC0-D22C-41CF-862D-9E7A50B7E4FD}"
EndProject
Project("{9A19103F-16F7-4668-BE54-9A1E7A4F7556}") = "Ejercicio02_06", "Ejercicio02_06\Ejercicio02_06.csproj", "{19A01A54-AF05-47CA-8F0B-F9C6370EB500}"
EndProject
Project("{9A19103F-16F7-4668-BE54-9A1E7A4F7556}") = "Ejercicio02_07", "Ejercicio02_07\Ejercicio02_07.csproj", "{7AE91CC5-08C8-4F92-B489-15D8DE0A1A52}"
EndProject
Project("{9A19103F-16F7-4668-BE54-9A1E7A4F7556}") = "Ejercicio02_08", "Ejercicio02_08\Ejercicio02_08.csproj", "{C3F5A266-E075-43E7-9605-D6823C6F8F9C}"
EndProject
Project("{9A19103F-16F7-4668-BE54-9A1E7A4F7556}") = "Ejercicio02_09", "Ejercicio02_09\Ejercicio02_09.csproj", "{5BFE2217-8562-44B5-820E-D644EFDEF472}"
EndProject
Project("{9A19103F-16F7-4668-BE54-9A1E7A4F7556}") = "Ejercicio03_02", "Ejercicio03_02\Ejercicio03_02.csproj", "{260156BF-DEF6-4C91-8F44-42C48E31D8DC}"
EndProject
Project("{9A19103F-16F7-4668-BE54-9A1E7A4F7556}") = "Ejercicio03_03", "Ejercicio03_03\Ejercicio03_03.csproj", "{D3003B52-022D-4235-9C01-A9A7193A78B6}"
EndProject
Project("{9A19103F-16F7-4668-BE54-9A1E7A4F7556}") = "Ejercicio03_04", "Ejercicio03_04\Ejercicio03_04.csproj", "{A1AA61A7-59C8-4BD7-88BE-2BCECCF50CAB}"
EndProject
Project("{9A19103F-16F7-4668-BE54-9A1E7A4F7556}") = "Ejercicio03_05", "Ejercicio03_05\Ejercicio03_05.csproj", "{6CC0D065-74D1-4119-A662-4283BA35D632}"
EndProject
Project("{2150E333-8FDC-42A3-9474-1A3956D46DE8}") = "Clase05 Windows Forms", "Clase05 Windows Forms", "{BD2F45D7-E354-4133-A791-296072B2B052}"
EndProject
Project("{9A19103F-16F7-4668-BE54-9A1E7A4F7556}") = "Ejercicio03_06", "Ejercicio03_06\Ejercicio03_06.csproj", "{A03EE9FB-7A00-4F77-BEE6-B5D94789ADFF}"
EndProject
Project("{9A19103F-16F7-4668-BE54-9A1E7A4F7556}") = "Ejercicio03_07", "Ejercicio03_07\Ejercicio03_07.csproj", "{B5CF18D7-7F95-44D5-A8D5-8BA2B5053722}"
EndProject
Project("{9A19103F-16F7-4668-BE54-9A1E7A4F7556}") = "Ejercicio04_01", "Ejercicio04_01\Ejercicio04_01.csproj", "{B209EFE1-14B3-40F6-BD75-A7CA22D9DDBE}"
EndProject
Project("{9A19103F-16F7-4668-BE54-9A1E7A4F7556}") = "Ejercicio04_02", "Ejercicio04_02\Ejercicio04_02.csproj", "{3D57F55D-6ABE-45AC-93D7-B66DD16E977D}"
EndProject
Project("{9A19103F-16F7-4668-BE54-9A1E7A4F7556}") = "Ejercicio02_EnClase", "Ejercicio02_EnClase\Ejercicio02_EnClase.csproj", "{6B21BBE4-003A-487E-9F08-AAB68B68ABD3}"
EndProject
Project("{9A19103F-16F7-4668-BE54-9A1E7A4F7556}") = "Ejercicio04_EnClase", "Ejercicio04_EnClase\Ejercicio04_EnClase.csproj", "{5D229CD4-0C46-44C3-A8E0-1DDB6E7E0647}"
EndProject
Project("{9A19103F-16F7-4668-BE54-9A1E7A4F7556}") = "Ejercicio05_EnClase", "Ejercicio05_EnClase\Ejercicio05_EnClase.csproj", "{10E37AEF-DE0E-42AF-B1E3-AC86ACC2E177}"
EndProject
Project("{9A19103F-16F7-4668-BE54-9A1E7A4F7556}") = "Ejercicio04_03", "Ejercicio04_03\Ejercicio04_03.csproj", "{835E144F-323E-4304-AC93-C091A4D7CE2D}"
EndProject
Project("{9A19103F-16F7-4668-BE54-9A1E7A4F7556}") = "Ejercicio04_04", "Ejercicio04_04\Ejercicio04_04.csproj", "{AB81A62F-684E-49D0-909F-F83DE442309F}"
EndProject
Project("{9A19103F-16F7-4668-BE54-9A1E7A4F7556}") = "Ejercicio04_05", "Ejerecicio04_05\Ejercicio04_05.csproj", "{A7A5F9D9-A19D-498A-A14D-CA9B60C44E59}"
EndProject
Global
	GlobalSection(SolutionConfigurationPlatforms) = preSolution
		Debug|Any CPU = Debug|Any CPU
		Release|Any CPU = Release|Any CPU
	EndGlobalSection
	GlobalSection(ProjectConfigurationPlatforms) = postSolution
		{85D62D92-0DF3-4D67-A3D4-0EE7E743D9A7}.Debug|Any CPU.ActiveCfg = Debug|Any CPU
		{85D62D92-0DF3-4D67-A3D4-0EE7E743D9A7}.Debug|Any CPU.Build.0 = Debug|Any CPU
		{85D62D92-0DF3-4D67-A3D4-0EE7E743D9A7}.Release|Any CPU.ActiveCfg = Release|Any CPU
		{85D62D92-0DF3-4D67-A3D4-0EE7E743D9A7}.Release|Any CPU.Build.0 = Release|Any CPU
		{9908178A-192E-4578-94C4-8A4E9EC17791}.Debug|Any CPU.ActiveCfg = Debug|Any CPU
		{9908178A-192E-4578-94C4-8A4E9EC17791}.Debug|Any CPU.Build.0 = Debug|Any CPU
		{9908178A-192E-4578-94C4-8A4E9EC17791}.Release|Any CPU.ActiveCfg = Release|Any CPU
		{9908178A-192E-4578-94C4-8A4E9EC17791}.Release|Any CPU.Build.0 = Release|Any CPU
		{187371FE-8FE7-4850-90D1-0836F29DFEC6}.Debug|Any CPU.ActiveCfg = Debug|Any CPU
		{187371FE-8FE7-4850-90D1-0836F29DFEC6}.Debug|Any CPU.Build.0 = Debug|Any CPU
		{187371FE-8FE7-4850-90D1-0836F29DFEC6}.Release|Any CPU.ActiveCfg = Release|Any CPU
		{187371FE-8FE7-4850-90D1-0836F29DFEC6}.Release|Any CPU.Build.0 = Release|Any CPU
		{09383DC7-A7F7-4A08-99BA-D65FACDE9887}.Debug|Any CPU.ActiveCfg = Debug|Any CPU
		{09383DC7-A7F7-4A08-99BA-D65FACDE9887}.Debug|Any CPU.Build.0 = Debug|Any CPU
		{09383DC7-A7F7-4A08-99BA-D65FACDE9887}.Release|Any CPU.ActiveCfg = Release|Any CPU
		{09383DC7-A7F7-4A08-99BA-D65FACDE9887}.Release|Any CPU.Build.0 = Release|Any CPU
		{D51CE894-4379-49AC-AB0E-A507E99FE08F}.Debug|Any CPU.ActiveCfg = Debug|Any CPU
		{D51CE894-4379-49AC-AB0E-A507E99FE08F}.Debug|Any CPU.Build.0 = Debug|Any CPU
		{D51CE894-4379-49AC-AB0E-A507E99FE08F}.Release|Any CPU.ActiveCfg = Release|Any CPU
		{D51CE894-4379-49AC-AB0E-A507E99FE08F}.Release|Any CPU.Build.0 = Release|Any CPU
		{F4340DF9-9026-4961-AA31-35AE57EA9F69}.Debug|Any CPU.ActiveCfg = Debug|Any CPU
		{F4340DF9-9026-4961-AA31-35AE57EA9F69}.Debug|Any CPU.Build.0 = Debug|Any CPU
		{F4340DF9-9026-4961-AA31-35AE57EA9F69}.Release|Any CPU.ActiveCfg = Release|Any CPU
		{F4340DF9-9026-4961-AA31-35AE57EA9F69}.Release|Any CPU.Build.0 = Release|Any CPU
		{72D9B74F-2FF2-4876-B1A2-1A97A2DE2739}.Debug|Any CPU.ActiveCfg = Debug|Any CPU
		{72D9B74F-2FF2-4876-B1A2-1A97A2DE2739}.Debug|Any CPU.Build.0 = Debug|Any CPU
		{72D9B74F-2FF2-4876-B1A2-1A97A2DE2739}.Release|Any CPU.ActiveCfg = Release|Any CPU
		{72D9B74F-2FF2-4876-B1A2-1A97A2DE2739}.Release|Any CPU.Build.0 = Release|Any CPU
		{90C72029-E7BC-4CAC-B930-FEEABEBB3FEC}.Debug|Any CPU.ActiveCfg = Debug|Any CPU
		{90C72029-E7BC-4CAC-B930-FEEABEBB3FEC}.Debug|Any CPU.Build.0 = Debug|Any CPU
		{90C72029-E7BC-4CAC-B930-FEEABEBB3FEC}.Release|Any CPU.ActiveCfg = Release|Any CPU
		{90C72029-E7BC-4CAC-B930-FEEABEBB3FEC}.Release|Any CPU.Build.0 = Release|Any CPU
		{FA7DD9CE-A847-47BE-9D52-40AAD591769A}.Debug|Any CPU.ActiveCfg = Debug|Any CPU
		{FA7DD9CE-A847-47BE-9D52-40AAD591769A}.Debug|Any CPU.Build.0 = Debug|Any CPU
		{FA7DD9CE-A847-47BE-9D52-40AAD591769A}.Release|Any CPU.ActiveCfg = Release|Any CPU
		{FA7DD9CE-A847-47BE-9D52-40AAD591769A}.Release|Any CPU.Build.0 = Release|Any CPU
		{78EA344F-BFD6-42E8-8ACA-75D7A70B1DA2}.Debug|Any CPU.ActiveCfg = Debug|Any CPU
		{78EA344F-BFD6-42E8-8ACA-75D7A70B1DA2}.Debug|Any CPU.Build.0 = Debug|Any CPU
		{78EA344F-BFD6-42E8-8ACA-75D7A70B1DA2}.Release|Any CPU.ActiveCfg = Release|Any CPU
		{78EA344F-BFD6-42E8-8ACA-75D7A70B1DA2}.Release|Any CPU.Build.0 = Release|Any CPU
		{6FB55C8B-F525-4F92-9F39-642CE8C486A0}.Debug|Any CPU.ActiveCfg = Debug|Any CPU
		{6FB55C8B-F525-4F92-9F39-642CE8C486A0}.Debug|Any CPU.Build.0 = Debug|Any CPU
		{6FB55C8B-F525-4F92-9F39-642CE8C486A0}.Release|Any CPU.ActiveCfg = Release|Any CPU
		{6FB55C8B-F525-4F92-9F39-642CE8C486A0}.Release|Any CPU.Build.0 = Release|Any CPU
		{4208B78F-11BB-4247-874D-1994938272F6}.Debug|Any CPU.ActiveCfg = Debug|Any CPU
		{4208B78F-11BB-4247-874D-1994938272F6}.Debug|Any CPU.Build.0 = Debug|Any CPU
		{4208B78F-11BB-4247-874D-1994938272F6}.Release|Any CPU.ActiveCfg = Release|Any CPU
		{4208B78F-11BB-4247-874D-1994938272F6}.Release|Any CPU.Build.0 = Release|Any CPU
		{FE32E398-7FDF-4D78-A55F-71DA3CA5971D}.Debug|Any CPU.ActiveCfg = Debug|Any CPU
		{FE32E398-7FDF-4D78-A55F-71DA3CA5971D}.Debug|Any CPU.Build.0 = Debug|Any CPU
		{FE32E398-7FDF-4D78-A55F-71DA3CA5971D}.Release|Any CPU.ActiveCfg = Release|Any CPU
		{FE32E398-7FDF-4D78-A55F-71DA3CA5971D}.Release|Any CPU.Build.0 = Release|Any CPU
		{E7B3EB1A-7992-4D64-A8ED-570AA540B3EF}.Debug|Any CPU.ActiveCfg = Debug|Any CPU
		{E7B3EB1A-7992-4D64-A8ED-570AA540B3EF}.Debug|Any CPU.Build.0 = Debug|Any CPU
		{E7B3EB1A-7992-4D64-A8ED-570AA540B3EF}.Release|Any CPU.ActiveCfg = Release|Any CPU
		{E7B3EB1A-7992-4D64-A8ED-570AA540B3EF}.Release|Any CPU.Build.0 = Release|Any CPU
		{D061171D-5CB9-4A61-89D1-8FF69737DF60}.Debug|Any CPU.ActiveCfg = Debug|Any CPU
		{D061171D-5CB9-4A61-89D1-8FF69737DF60}.Debug|Any CPU.Build.0 = Debug|Any CPU
		{D061171D-5CB9-4A61-89D1-8FF69737DF60}.Release|Any CPU.ActiveCfg = Release|Any CPU
		{D061171D-5CB9-4A61-89D1-8FF69737DF60}.Release|Any CPU.Build.0 = Release|Any CPU
		{5A90FCC0-D22C-41CF-862D-9E7A50B7E4FD}.Debug|Any CPU.ActiveCfg = Debug|Any CPU
		{5A90FCC0-D22C-41CF-862D-9E7A50B7E4FD}.Debug|Any CPU.Build.0 = Debug|Any CPU
		{5A90FCC0-D22C-41CF-862D-9E7A50B7E4FD}.Release|Any CPU.ActiveCfg = Release|Any CPU
		{5A90FCC0-D22C-41CF-862D-9E7A50B7E4FD}.Release|Any CPU.Build.0 = Release|Any CPU
		{19A01A54-AF05-47CA-8F0B-F9C6370EB500}.Debug|Any CPU.ActiveCfg = Debug|Any CPU
		{19A01A54-AF05-47CA-8F0B-F9C6370EB500}.Debug|Any CPU.Build.0 = Debug|Any CPU
		{19A01A54-AF05-47CA-8F0B-F9C6370EB500}.Release|Any CPU.ActiveCfg = Release|Any CPU
		{19A01A54-AF05-47CA-8F0B-F9C6370EB500}.Release|Any CPU.Build.0 = Release|Any CPU
		{7AE91CC5-08C8-4F92-B489-15D8DE0A1A52}.Debug|Any CPU.ActiveCfg = Debug|Any CPU
		{7AE91CC5-08C8-4F92-B489-15D8DE0A1A52}.Debug|Any CPU.Build.0 = Debug|Any CPU
		{7AE91CC5-08C8-4F92-B489-15D8DE0A1A52}.Release|Any CPU.ActiveCfg = Release|Any CPU
		{7AE91CC5-08C8-4F92-B489-15D8DE0A1A52}.Release|Any CPU.Build.0 = Release|Any CPU
		{C3F5A266-E075-43E7-9605-D6823C6F8F9C}.Debug|Any CPU.ActiveCfg = Debug|Any CPU
		{C3F5A266-E075-43E7-9605-D6823C6F8F9C}.Debug|Any CPU.Build.0 = Debug|Any CPU
		{C3F5A266-E075-43E7-9605-D6823C6F8F9C}.Release|Any CPU.ActiveCfg = Release|Any CPU
		{C3F5A266-E075-43E7-9605-D6823C6F8F9C}.Release|Any CPU.Build.0 = Release|Any CPU
		{5BFE2217-8562-44B5-820E-D644EFDEF472}.Debug|Any CPU.ActiveCfg = Debug|Any CPU
		{5BFE2217-8562-44B5-820E-D644EFDEF472}.Debug|Any CPU.Build.0 = Debug|Any CPU
		{5BFE2217-8562-44B5-820E-D644EFDEF472}.Release|Any CPU.ActiveCfg = Release|Any CPU
		{5BFE2217-8562-44B5-820E-D644EFDEF472}.Release|Any CPU.Build.0 = Release|Any CPU
		{260156BF-DEF6-4C91-8F44-42C48E31D8DC}.Debug|Any CPU.ActiveCfg = Debug|Any CPU
		{260156BF-DEF6-4C91-8F44-42C48E31D8DC}.Debug|Any CPU.Build.0 = Debug|Any CPU
		{260156BF-DEF6-4C91-8F44-42C48E31D8DC}.Release|Any CPU.ActiveCfg = Release|Any CPU
		{260156BF-DEF6-4C91-8F44-42C48E31D8DC}.Release|Any CPU.Build.0 = Release|Any CPU
		{D3003B52-022D-4235-9C01-A9A7193A78B6}.Debug|Any CPU.ActiveCfg = Debug|Any CPU
		{D3003B52-022D-4235-9C01-A9A7193A78B6}.Debug|Any CPU.Build.0 = Debug|Any CPU
		{D3003B52-022D-4235-9C01-A9A7193A78B6}.Release|Any CPU.ActiveCfg = Release|Any CPU
		{D3003B52-022D-4235-9C01-A9A7193A78B6}.Release|Any CPU.Build.0 = Release|Any CPU
		{A1AA61A7-59C8-4BD7-88BE-2BCECCF50CAB}.Debug|Any CPU.ActiveCfg = Debug|Any CPU
		{A1AA61A7-59C8-4BD7-88BE-2BCECCF50CAB}.Debug|Any CPU.Build.0 = Debug|Any CPU
		{A1AA61A7-59C8-4BD7-88BE-2BCECCF50CAB}.Release|Any CPU.ActiveCfg = Release|Any CPU
		{A1AA61A7-59C8-4BD7-88BE-2BCECCF50CAB}.Release|Any CPU.Build.0 = Release|Any CPU
		{6CC0D065-74D1-4119-A662-4283BA35D632}.Debug|Any CPU.ActiveCfg = Debug|Any CPU
		{6CC0D065-74D1-4119-A662-4283BA35D632}.Debug|Any CPU.Build.0 = Debug|Any CPU
		{6CC0D065-74D1-4119-A662-4283BA35D632}.Release|Any CPU.ActiveCfg = Release|Any CPU
		{6CC0D065-74D1-4119-A662-4283BA35D632}.Release|Any CPU.Build.0 = Release|Any CPU
		{A03EE9FB-7A00-4F77-BEE6-B5D94789ADFF}.Debug|Any CPU.ActiveCfg = Debug|Any CPU
		{A03EE9FB-7A00-4F77-BEE6-B5D94789ADFF}.Debug|Any CPU.Build.0 = Debug|Any CPU
		{A03EE9FB-7A00-4F77-BEE6-B5D94789ADFF}.Release|Any CPU.ActiveCfg = Release|Any CPU
		{A03EE9FB-7A00-4F77-BEE6-B5D94789ADFF}.Release|Any CPU.Build.0 = Release|Any CPU
		{B5CF18D7-7F95-44D5-A8D5-8BA2B5053722}.Debug|Any CPU.ActiveCfg = Debug|Any CPU
		{B5CF18D7-7F95-44D5-A8D5-8BA2B5053722}.Debug|Any CPU.Build.0 = Debug|Any CPU
		{B5CF18D7-7F95-44D5-A8D5-8BA2B5053722}.Release|Any CPU.ActiveCfg = Release|Any CPU
		{B5CF18D7-7F95-44D5-A8D5-8BA2B5053722}.Release|Any CPU.Build.0 = Release|Any CPU
		{B209EFE1-14B3-40F6-BD75-A7CA22D9DDBE}.Debug|Any CPU.ActiveCfg = Debug|Any CPU
		{B209EFE1-14B3-40F6-BD75-A7CA22D9DDBE}.Debug|Any CPU.Build.0 = Debug|Any CPU
		{B209EFE1-14B3-40F6-BD75-A7CA22D9DDBE}.Release|Any CPU.ActiveCfg = Release|Any CPU
		{B209EFE1-14B3-40F6-BD75-A7CA22D9DDBE}.Release|Any CPU.Build.0 = Release|Any CPU
		{3D57F55D-6ABE-45AC-93D7-B66DD16E977D}.Debug|Any CPU.ActiveCfg = Debug|Any CPU
		{3D57F55D-6ABE-45AC-93D7-B66DD16E977D}.Debug|Any CPU.Build.0 = Debug|Any CPU
		{3D57F55D-6ABE-45AC-93D7-B66DD16E977D}.Release|Any CPU.ActiveCfg = Release|Any CPU
		{3D57F55D-6ABE-45AC-93D7-B66DD16E977D}.Release|Any CPU.Build.0 = Release|Any CPU
		{6B21BBE4-003A-487E-9F08-AAB68B68ABD3}.Debug|Any CPU.ActiveCfg = Debug|Any CPU
		{6B21BBE4-003A-487E-9F08-AAB68B68ABD3}.Debug|Any CPU.Build.0 = Debug|Any CPU
		{6B21BBE4-003A-487E-9F08-AAB68B68ABD3}.Release|Any CPU.ActiveCfg = Release|Any CPU
		{6B21BBE4-003A-487E-9F08-AAB68B68ABD3}.Release|Any CPU.Build.0 = Release|Any CPU
		{5D229CD4-0C46-44C3-A8E0-1DDB6E7E0647}.Debug|Any CPU.ActiveCfg = Debug|Any CPU
		{5D229CD4-0C46-44C3-A8E0-1DDB6E7E0647}.Debug|Any CPU.Build.0 = Debug|Any CPU
		{5D229CD4-0C46-44C3-A8E0-1DDB6E7E0647}.Release|Any CPU.ActiveCfg = Release|Any CPU
		{5D229CD4-0C46-44C3-A8E0-1DDB6E7E0647}.Release|Any CPU.Build.0 = Release|Any CPU
		{10E37AEF-DE0E-42AF-B1E3-AC86ACC2E177}.Debug|Any CPU.ActiveCfg = Debug|Any CPU
		{10E37AEF-DE0E-42AF-B1E3-AC86ACC2E177}.Debug|Any CPU.Build.0 = Debug|Any CPU
		{10E37AEF-DE0E-42AF-B1E3-AC86ACC2E177}.Release|Any CPU.ActiveCfg = Release|Any CPU
		{10E37AEF-DE0E-42AF-B1E3-AC86ACC2E177}.Release|Any CPU.Build.0 = Release|Any CPU
		{835E144F-323E-4304-AC93-C091A4D7CE2D}.Debug|Any CPU.ActiveCfg = Debug|Any CPU
		{835E144F-323E-4304-AC93-C091A4D7CE2D}.Debug|Any CPU.Build.0 = Debug|Any CPU
		{835E144F-323E-4304-AC93-C091A4D7CE2D}.Release|Any CPU.ActiveCfg = Release|Any CPU
		{835E144F-323E-4304-AC93-C091A4D7CE2D}.Release|Any CPU.Build.0 = Release|Any CPU
		{AB81A62F-684E-49D0-909F-F83DE442309F}.Debug|Any CPU.ActiveCfg = Debug|Any CPU
		{AB81A62F-684E-49D0-909F-F83DE442309F}.Debug|Any CPU.Build.0 = Debug|Any CPU
		{AB81A62F-684E-49D0-909F-F83DE442309F}.Release|Any CPU.ActiveCfg = Release|Any CPU
		{AB81A62F-684E-49D0-909F-F83DE442309F}.Release|Any CPU.Build.0 = Release|Any CPU
		{A7A5F9D9-A19D-498A-A14D-CA9B60C44E59}.Debug|Any CPU.ActiveCfg = Debug|Any CPU
		{A7A5F9D9-A19D-498A-A14D-CA9B60C44E59}.Debug|Any CPU.Build.0 = Debug|Any CPU
		{A7A5F9D9-A19D-498A-A14D-CA9B60C44E59}.Release|Any CPU.ActiveCfg = Release|Any CPU
		{A7A5F9D9-A19D-498A-A14D-CA9B60C44E59}.Release|Any CPU.Build.0 = Release|Any CPU
	EndGlobalSection
	GlobalSection(SolutionProperties) = preSolution
		HideSolutionNode = FALSE
	EndGlobalSection
	GlobalSection(NestedProjects) = preSolution
		{85D62D92-0DF3-4D67-A3D4-0EE7E743D9A7} = {53D86125-7F85-4B32-BC29-6477018ED0F9}
		{187371FE-8FE7-4850-90D1-0836F29DFEC6} = {421A0B4C-4526-49E5-93EE-11B08EB51235}
		{09383DC7-A7F7-4A08-99BA-D65FACDE9887} = {2C62336E-5F66-4365-AF32-28AC03B15FDA}
		{D51CE894-4379-49AC-AB0E-A507E99FE08F} = {2C62336E-5F66-4365-AF32-28AC03B15FDA}
		{F4340DF9-9026-4961-AA31-35AE57EA9F69} = {2C62336E-5F66-4365-AF32-28AC03B15FDA}
		{72D9B74F-2FF2-4876-B1A2-1A97A2DE2739} = {2C62336E-5F66-4365-AF32-28AC03B15FDA}
		{90C72029-E7BC-4CAC-B930-FEEABEBB3FEC} = {2C62336E-5F66-4365-AF32-28AC03B15FDA}
		{FA7DD9CE-A847-47BE-9D52-40AAD591769A} = {2C62336E-5F66-4365-AF32-28AC03B15FDA}
		{78EA344F-BFD6-42E8-8ACA-75D7A70B1DA2} = {2C62336E-5F66-4365-AF32-28AC03B15FDA}
		{6FB55C8B-F525-4F92-9F39-642CE8C486A0} = {2C62336E-5F66-4365-AF32-28AC03B15FDA}
		{4208B78F-11BB-4247-874D-1994938272F6} = {2C62336E-5F66-4365-AF32-28AC03B15FDA}
		{FE32E398-7FDF-4D78-A55F-71DA3CA5971D} = {421A0B4C-4526-49E5-93EE-11B08EB51235}
		{E7B3EB1A-7992-4D64-A8ED-570AA540B3EF} = {421A0B4C-4526-49E5-93EE-11B08EB51235}
		{D061171D-5CB9-4A61-89D1-8FF69737DF60} = {421A0B4C-4526-49E5-93EE-11B08EB51235}
		{5A90FCC0-D22C-41CF-862D-9E7A50B7E4FD} = {421A0B4C-4526-49E5-93EE-11B08EB51235}
		{19A01A54-AF05-47CA-8F0B-F9C6370EB500} = {421A0B4C-4526-49E5-93EE-11B08EB51235}
		{7AE91CC5-08C8-4F92-B489-15D8DE0A1A52} = {421A0B4C-4526-49E5-93EE-11B08EB51235}
		{C3F5A266-E075-43E7-9605-D6823C6F8F9C} = {421A0B4C-4526-49E5-93EE-11B08EB51235}
		{5BFE2217-8562-44B5-820E-D644EFDEF472} = {421A0B4C-4526-49E5-93EE-11B08EB51235}
		{260156BF-DEF6-4C91-8F44-42C48E31D8DC} = {53D86125-7F85-4B32-BC29-6477018ED0F9}
		{D3003B52-022D-4235-9C01-A9A7193A78B6} = {53D86125-7F85-4B32-BC29-6477018ED0F9}
		{A1AA61A7-59C8-4BD7-88BE-2BCECCF50CAB} = {53D86125-7F85-4B32-BC29-6477018ED0F9}
		{6CC0D065-74D1-4119-A662-4283BA35D632} = {53D86125-7F85-4B32-BC29-6477018ED0F9}
		{A03EE9FB-7A00-4F77-BEE6-B5D94789ADFF} = {53D86125-7F85-4B32-BC29-6477018ED0F9}
		{B5CF18D7-7F95-44D5-A8D5-8BA2B5053722} = {53D86125-7F85-4B32-BC29-6477018ED0F9}
		{B209EFE1-14B3-40F6-BD75-A7CA22D9DDBE} = {9E1D91BC-25A1-4862-BFD8-F2944F26B020}
		{3D57F55D-6ABE-45AC-93D7-B66DD16E977D} = {9E1D91BC-25A1-4862-BFD8-F2944F26B020}
		{6B21BBE4-003A-487E-9F08-AAB68B68ABD3} = {421A0B4C-4526-49E5-93EE-11B08EB51235}
		{5D229CD4-0C46-44C3-A8E0-1DDB6E7E0647} = {9E1D91BC-25A1-4862-BFD8-F2944F26B020}
		{10E37AEF-DE0E-42AF-B1E3-AC86ACC2E177} = {BD2F45D7-E354-4133-A791-296072B2B052}
		{835E144F-323E-4304-AC93-C091A4D7CE2D} = {9E1D91BC-25A1-4862-BFD8-F2944F26B020}
		{AB81A62F-684E-49D0-909F-F83DE442309F} = {9E1D91BC-25A1-4862-BFD8-F2944F26B020}
		{A7A5F9D9-A19D-498A-A14D-CA9B60C44E59} = {9E1D91BC-25A1-4862-BFD8-F2944F26B020}
	EndGlobalSection
	GlobalSection(ExtensibilityGlobals) = postSolution
		SolutionGuid = {1052567B-D9F6-4E4E-89DA-104BCAF6828D}
	EndGlobalSection
EndGlobal
